
Microsoft Visual Studio Solution File, Format Version 12.00
# Visual Studio Version 16
VisualStudioVersion = 16.0.31313.79
MinimumVisualStudioVersion = 10.0.40219.1
Project("{FAE04EC0-301F-11D3-BF4B-00C04F79EFBC}") = "Exercicio_01_Estruturas_Sequenciais", "Exercicio_01_Estruturas_Sequenciais\Exercicio_01_Estruturas_Sequenciais.csproj", "{FC6B98C7-146D-46FE-BEB1-423DEFE6CFC4}"
EndProject
Global
	GlobalSection(SolutionConfigurationPlatforms) = preSolution
		Debug|Any CPU = Debug|Any CPU
		Release|Any CPU = Release|Any CPU
	EndGlobalSection
	GlobalSection(ProjectConfigurationPlatforms) = postSolution
		{FC6B98C7-146D-46FE-BEB1-423DEFE6CFC4}.Debug|Any CPU.ActiveCfg = Debug|Any CPU
		{FC6B98C7-146D-46FE-BEB1-423DEFE6CFC4}.Debug|Any CPU.Build.0 = Debug|Any CPU
		{FC6B98C7-146D-46FE-BEB1-423DEFE6CFC4}.Release|Any CPU.ActiveCfg = Release|Any CPU
		{FC6B98C7-146D-46FE-BEB1-423DEFE6CFC4}.Release|Any CPU.Build.0 = Release|Any CPU
	EndGlobalSection
	GlobalSection(SolutionProperties) = preSolution
		HideSolutionNode = FALSE
	EndGlobalSection
	GlobalSection(ExtensibilityGlobals) = postSolution
		SolutionGuid = {D9C602ED-261A-49F6-AF8F-85FA8EE44099}
	EndGlobalSection
EndGlobal
