
Microsoft Visual Studio Solution File, Format Version 12.00
# Visual Studio Version 16
VisualStudioVersion = 16.0.31313.79
MinimumVisualStudioVersion = 10.0.40219.1
Project("{FAE04EC0-301F-11D3-BF4B-00C04F79EFBC}") = "Exercicio_02_Estruturas_Sequenciais", "Exercicio_02_Estruturas_Sequenciais\Exercicio_02_Estruturas_Sequenciais.csproj", "{FC50487D-19A9-410E-A76A-66C4B26FF601}"
EndProject
Global
	GlobalSection(SolutionConfigurationPlatforms) = preSolution
		Debug|Any CPU = Debug|Any CPU
		Release|Any CPU = Release|Any CPU
	EndGlobalSection
	GlobalSection(ProjectConfigurationPlatforms) = postSolution
		{FC50487D-19A9-410E-A76A-66C4B26FF601}.Debug|Any CPU.ActiveCfg = Debug|Any CPU
		{FC50487D-19A9-410E-A76A-66C4B26FF601}.Debug|Any CPU.Build.0 = Debug|Any CPU
		{FC50487D-19A9-410E-A76A-66C4B26FF601}.Release|Any CPU.ActiveCfg = Release|Any CPU
		{FC50487D-19A9-410E-A76A-66C4B26FF601}.Release|Any CPU.Build.0 = Release|Any CPU
	EndGlobalSection
	GlobalSection(SolutionProperties) = preSolution
		HideSolutionNode = FALSE
	EndGlobalSection
	GlobalSection(ExtensibilityGlobals) = postSolution
		SolutionGuid = {AA94E30C-44BF-4BE6-B020-1A3BD7E50F51}
	EndGlobalSection
EndGlobal
